
Microsoft Visual Studio Solution File, Format Version 12.00
# Visual Studio 15
Project("{FAE04EC0-301F-11D3-BF4B-00C04F79EFBC}") = "HoloDynamics365", "HoloDynamics365.csproj", "{D395136A-6DB6-069C-B02E-56A4F0A0619B}"
EndProject
Project("{FAE04EC0-301F-11D3-BF4B-00C04F79EFBC}") = "HoloDynamics365.Editor", "HoloDynamics365.Editor.csproj", "{3C28F749-B1C4-391D-8224-0E32DF178D82}"
EndProject
Global
	GlobalSection(SolutionConfigurationPlatforms) = preSolution
		Debug|Any CPU = Debug|Any CPU
		Release|Any CPU = Release|Any CPU
	EndGlobalSection
	GlobalSection(ProjectConfigurationPlatforms) = postSolution
		{D395136A-6DB6-069C-B02E-56A4F0A0619B}.Debug|Any CPU.ActiveCfg = Debug|Any CPU
		{D395136A-6DB6-069C-B02E-56A4F0A0619B}.Debug|Any CPU.Build.0 = Debug|Any CPU
		{D395136A-6DB6-069C-B02E-56A4F0A0619B}.Release|Any CPU.ActiveCfg = Release|Any CPU
		{D395136A-6DB6-069C-B02E-56A4F0A0619B}.Release|Any CPU.Build.0 = Release|Any CPU
		{3C28F749-B1C4-391D-8224-0E32DF178D82}.Debug|Any CPU.ActiveCfg = Debug|Any CPU
		{3C28F749-B1C4-391D-8224-0E32DF178D82}.Debug|Any CPU.Build.0 = Debug|Any CPU
		{3C28F749-B1C4-391D-8224-0E32DF178D82}.Release|Any CPU.ActiveCfg = Release|Any CPU
		{3C28F749-B1C4-391D-8224-0E32DF178D82}.Release|Any CPU.Build.0 = Release|Any CPU
	EndGlobalSection
	GlobalSection(SolutionProperties) = preSolution
		HideSolutionNode = FALSE
	EndGlobalSection
EndGlobal
